{
  "name": "code",
  "version": "1.0.0",
  "lockfileVersion": 1,
  "requires": true,
  "dependencies": {
    "@types/jenkins": {
      "version": "0.23.1",
      "resolved": "https://registry.npmjs.org/@types/jenkins/-/jenkins-0.23.1.tgz",
      "integrity": "sha512-3oGxVCq+5esbjb0BQXUv0Iz0/7ogJxmzaxKtxwwMik5vGtRvfjWf/sXGA1RzkVAG0+rJUZNKStjKRdtqJfEyRg==",
      "dev": true,
      "requires": {
        "@types/node": "*"
      }
    },
    "@types/node": {
      "version": "14.14.9",
      "resolved": "https://registry.npmjs.org/@types/node/-/node-14.14.9.tgz",
      "integrity": "sha512-JsoLXFppG62tWTklIoO4knA+oDTYsmqWxHRvd4lpmfQRNhX6osheUOWETP2jMoV/2bEHuMra8Pp3Dmo/stBFcw==",
      "dev": true
    },
    "jenkins": {
      "version": "0.28.1",
      "resolved": "https://registry.npmjs.org/jenkins/-/jenkins-0.28.1.tgz",
      "integrity": "sha512-gcC4QUrP4VzdqOMHoVzh36XlJprxJkI2HGLQSY7w84KoCTVNDcR/8O00tYyXp9vrZOx4wl5zCXLVKMgH2IoyJQ==",
      "requires": {
        "papi": "^0.29.0"
      }
    },
    "papi": {
      "version": "0.29.1",
      "resolved": "https://registry.npmjs.org/papi/-/papi-0.29.1.tgz",
      "integrity": "sha512-Y9ipSMfWuuVFO3zY9PlxOmEg+bQ7CeJ28sa9/a0veYNynLf9fwjR3+3fld5otEy7okUaEOUuCHVH62MyTmACXQ=="
    },
    "typescript": {
      "version": "4.1.2",
      "resolved": "https://registry.npmjs.org/typescript/-/typescript-4.1.2.tgz",
      "integrity": "sha512-thGloWsGH3SOxv1SoY7QojKi0tc+8FnOmiarEGMbd/lar7QOEd3hvlx3Fp5y6FlDUGl9L+pd4n2e+oToGMmhRQ==",
      "dev": true
    },
    "xmlbuilder": {
      "version": "15.1.1",
      "resolved": "https://registry.npmjs.org/xmlbuilder/-/xmlbuilder-15.1.1.tgz",
      "integrity": "sha512-yMqGBqtXyeN1e3TGYvgNgDVZ3j84W4cwkOXQswghol6APgZWaff9lnbvN7MHYJOiXsvGPXtjTYJEiC9J2wv9Eg=="
    }
  }
}
